
Microsoft Visual Studio Solution File, Format Version 12.00
# Visual Studio Version 17
VisualStudioVersion = 17.8.34511.84
MinimumVisualStudioVersion = 10.0.40219.1
Project("{FAE04EC0-301F-11D3-BF4B-00C04F79EFBC}") = "Ex04.Menus.Interfaces", "Ex04.Menus. Interfaces\Ex04.Menus.Interfaces.csproj", "{7B2ECD65-DE39-4ED0-994B-66174075EC5A}"
EndProject
Project("{FAE04EC0-301F-11D3-BF4B-00C04F79EFBC}") = "Ex04.Menus.Test", "Ex04.Menus.Test\Ex04.Menus.Test.csproj", "{0DF5BB5F-201E-445A-A397-3DF5DC81E0C9}"
EndProject
Project("{FAE04EC0-301F-11D3-BF4B-00C04F79EFBC}") = "Ex04.Menus.Delegates", "Ex04.Menus.Delegates\Ex04.Menus.Delegates.csproj", "{4CB14489-FD82-4AA9-AD54-47362C11D6E0}"
EndProject
Global
	GlobalSection(SolutionConfigurationPlatforms) = preSolution
		Debug|Any CPU = Debug|Any CPU
		Debug|x64 = Debug|x64
		Debug|x86 = Debug|x86
		Release|Any CPU = Release|Any CPU
		Release|x64 = Release|x64
		Release|x86 = Release|x86
	EndGlobalSection
	GlobalSection(ProjectConfigurationPlatforms) = postSolution
		{7B2ECD65-DE39-4ED0-994B-66174075EC5A}.Debug|Any CPU.ActiveCfg = Debug|Any CPU
		{7B2ECD65-DE39-4ED0-994B-66174075EC5A}.Debug|Any CPU.Build.0 = Debug|Any CPU
		{7B2ECD65-DE39-4ED0-994B-66174075EC5A}.Debug|x64.ActiveCfg = Debug|Any CPU
		{7B2ECD65-DE39-4ED0-994B-66174075EC5A}.Debug|x64.Build.0 = Debug|Any CPU
		{7B2ECD65-DE39-4ED0-994B-66174075EC5A}.Debug|x86.ActiveCfg = Debug|Any CPU
		{7B2ECD65-DE39-4ED0-994B-66174075EC5A}.Debug|x86.Build.0 = Debug|Any CPU
		{7B2ECD65-DE39-4ED0-994B-66174075EC5A}.Release|Any CPU.ActiveCfg = Release|Any CPU
		{7B2ECD65-DE39-4ED0-994B-66174075EC5A}.Release|Any CPU.Build.0 = Release|Any CPU
		{7B2ECD65-DE39-4ED0-994B-66174075EC5A}.Release|x64.ActiveCfg = Release|Any CPU
		{7B2ECD65-DE39-4ED0-994B-66174075EC5A}.Release|x64.Build.0 = Release|Any CPU
		{7B2ECD65-DE39-4ED0-994B-66174075EC5A}.Release|x86.ActiveCfg = Release|Any CPU
		{7B2ECD65-DE39-4ED0-994B-66174075EC5A}.Release|x86.Build.0 = Release|Any CPU
		{0DF5BB5F-201E-445A-A397-3DF5DC81E0C9}.Debug|Any CPU.ActiveCfg = Debug|Any CPU
		{0DF5BB5F-201E-445A-A397-3DF5DC81E0C9}.Debug|Any CPU.Build.0 = Debug|Any CPU
		{0DF5BB5F-201E-445A-A397-3DF5DC81E0C9}.Debug|x64.ActiveCfg = Debug|Any CPU
		{0DF5BB5F-201E-445A-A397-3DF5DC81E0C9}.Debug|x64.Build.0 = Debug|Any CPU
		{0DF5BB5F-201E-445A-A397-3DF5DC81E0C9}.Debug|x86.ActiveCfg = Debug|Any CPU
		{0DF5BB5F-201E-445A-A397-3DF5DC81E0C9}.Debug|x86.Build.0 = Debug|Any CPU
		{0DF5BB5F-201E-445A-A397-3DF5DC81E0C9}.Release|Any CPU.ActiveCfg = Release|Any CPU
		{0DF5BB5F-201E-445A-A397-3DF5DC81E0C9}.Release|Any CPU.Build.0 = Release|Any CPU
		{0DF5BB5F-201E-445A-A397-3DF5DC81E0C9}.Release|x64.ActiveCfg = Release|Any CPU
		{0DF5BB5F-201E-445A-A397-3DF5DC81E0C9}.Release|x64.Build.0 = Release|Any CPU
		{0DF5BB5F-201E-445A-A397-3DF5DC81E0C9}.Release|x86.ActiveCfg = Release|Any CPU
		{0DF5BB5F-201E-445A-A397-3DF5DC81E0C9}.Release|x86.Build.0 = Release|Any CPU
		{4CB14489-FD82-4AA9-AD54-47362C11D6E0}.Debug|Any CPU.ActiveCfg = Debug|Any CPU
		{4CB14489-FD82-4AA9-AD54-47362C11D6E0}.Debug|Any CPU.Build.0 = Debug|Any CPU
		{4CB14489-FD82-4AA9-AD54-47362C11D6E0}.Debug|x64.ActiveCfg = Debug|Any CPU
		{4CB14489-FD82-4AA9-AD54-47362C11D6E0}.Debug|x64.Build.0 = Debug|Any CPU
		{4CB14489-FD82-4AA9-AD54-47362C11D6E0}.Debug|x86.ActiveCfg = Debug|Any CPU
		{4CB14489-FD82-4AA9-AD54-47362C11D6E0}.Debug|x86.Build.0 = Debug|Any CPU
		{4CB14489-FD82-4AA9-AD54-47362C11D6E0}.Release|Any CPU.ActiveCfg = Release|Any CPU
		{4CB14489-FD82-4AA9-AD54-47362C11D6E0}.Release|Any CPU.Build.0 = Release|Any CPU
		{4CB14489-FD82-4AA9-AD54-47362C11D6E0}.Release|x64.ActiveCfg = Release|Any CPU
		{4CB14489-FD82-4AA9-AD54-47362C11D6E0}.Release|x64.Build.0 = Release|Any CPU
		{4CB14489-FD82-4AA9-AD54-47362C11D6E0}.Release|x86.ActiveCfg = Release|Any CPU
		{4CB14489-FD82-4AA9-AD54-47362C11D6E0}.Release|x86.Build.0 = Release|Any CPU
	EndGlobalSection
	GlobalSection(SolutionProperties) = preSolution
		HideSolutionNode = FALSE
	EndGlobalSection
	GlobalSection(ExtensibilityGlobals) = postSolution
		SolutionGuid = {7DB38EF1-965A-4408-81BE-89C94B601A94}
	EndGlobalSection
EndGlobal
